<?xml version="1.0" encoding="utf-8"?>
<Project ToolsVersion="4.0" xmlns="http://schemas.microsoft.com/developer/msbuild/2003">
  <ItemGroup>
    <Filter Include="src">
      <UniqueIdentifier>{0455f6f9-e393-462d-b769-44e49c718aac}</UniqueIdentifier>
    </Filter>
    <Filter Include="util">
      <UniqueIdentifier>{3910cc42-9b2b-48bd-b24c-47bd75a1344d}</UniqueIdentifier>
    </Filter>
  </ItemGroup>
  <ItemGroup>
    <ClInclude Include="HiPerfTimer.h">
      <Filter>util</Filter>
    </ClInclude>
    <ClInclude Include="Helper.h">
      <Filter>util</Filter>
    </ClInclude>
    <ClInclude Include="matrix.h">
      <Filter>src</Filter>
    </ClInclude>
  </ItemGroup>
  <ItemGroup>
    <ClCompile Include="main.cpp">
      <Filter>src</Filter>
    </ClCompile>
  </ItemGroup>
</Project>